
Microsoft Visual Studio Solution File, Format Version 12.00
# Visual Studio Version 16
VisualStudioVersion = 16.0.28803.352
MinimumVisualStudioVersion = 10.0.40219.1
Project("{FAE04EC0-301F-11D3-BF4B-00C04F79EFBC}") = "CarTrace", "CarTrace\CarTrace.csproj", "{09ABBF7D-B4AB-4866-8A6E-ED7ECDB98504}"
EndProject
Global
	GlobalSection(SolutionConfigurationPlatforms) = preSolution
		Debug|Any CPU = Debug|Any CPU
		Release|Any CPU = Release|Any CPU
	EndGlobalSection
	GlobalSection(ProjectConfigurationPlatforms) = postSolution
		{09ABBF7D-B4AB-4866-8A6E-ED7ECDB98504}.Debug|Any CPU.ActiveCfg = Debug|Any CPU
		{09ABBF7D-B4AB-4866-8A6E-ED7ECDB98504}.Debug|Any CPU.Build.0 = Debug|Any CPU
		{09ABBF7D-B4AB-4866-8A6E-ED7ECDB98504}.Release|Any CPU.ActiveCfg = Release|Any CPU
		{09ABBF7D-B4AB-4866-8A6E-ED7ECDB98504}.Release|Any CPU.Build.0 = Release|Any CPU
	EndGlobalSection
	GlobalSection(SolutionProperties) = preSolution
		HideSolutionNode = FALSE
	EndGlobalSection
	GlobalSection(ExtensibilityGlobals) = postSolution
		SolutionGuid = {96E4DEE0-5128-4832-9893-AD2A1203D99A}
	EndGlobalSection
EndGlobal
